
Microsoft Visual Studio Solution File, Format Version 12.00
# Visual Studio Version 16
VisualStudioVersion = 16.0.31624.102
MinimumVisualStudioVersion = 10.0.40219.1
Project("{8BC9CEB8-8B4A-11D0-8D11-00A0C91BC942}") = "Contest", "Contest\Contest.vcxproj", "{276F379D-2082-44B3-8721-4B0C380011FF}"
EndProject
Project("{8BC9CEB8-8B4A-11D0-8D11-00A0C91BC942}") = "Task2", "Task2\Task2.vcxproj", "{639CC001-C349-4CD8-994D-0DE56860ADE9}"
EndProject
Project("{8BC9CEB8-8B4A-11D0-8D11-00A0C91BC942}") = "Task3", "Task3\Task3.vcxproj", "{8A178FC3-EFD9-4E22-9795-0E12FF64A079}"
EndProject
Project("{8BC9CEB8-8B4A-11D0-8D11-00A0C91BC942}") = "Task4", "Task4\Task4.vcxproj", "{37FEAD58-25CB-4E7F-80B7-D7245B3CAC7A}"
EndProject
Project("{8BC9CEB8-8B4A-11D0-8D11-00A0C91BC942}") = "KBest", "KBest\KBest.vcxproj", "{BF140CFE-0B31-4AE7-A0EA-406C2E91BAEC}"
EndProject
Project("{8BC9CEB8-8B4A-11D0-8D11-00A0C91BC942}") = "Prof", "Prof\Prof.vcxproj", "{997E8F7A-0A4A-47D5-8CE4-4C6D95B8F56A}"
EndProject
Project("{8BC9CEB8-8B4A-11D0-8D11-00A0C91BC942}") = "Matrix", "Matrix\Matrix.vcxproj", "{3A627769-1C66-4A07-AB96-894B79E6BF0C}"
EndProject
Project("{8BC9CEB8-8B4A-11D0-8D11-00A0C91BC942}") = "FastSearch", "FastSearch\FastSearch.vcxproj", "{574BF96A-0BB5-4D15-BDB9-643D50FBF68A}"
EndProject
Project("{8BC9CEB8-8B4A-11D0-8D11-00A0C91BC942}") = "Statistics", "Statistics\Statistics.vcxproj", "{8CEAE938-822D-448E-85ED-58EAFEA42973}"
EndProject
Project("{8BC9CEB8-8B4A-11D0-8D11-00A0C91BC942}") = "TomSawyer", "TomSawyer\TomSawyer.vcxproj", "{E74506CF-BF18-4742-AA03-DD6D19DEFD5F}"
EndProject
Project("{8BC9CEB8-8B4A-11D0-8D11-00A0C91BC942}") = "Ropes", "Ropes\Ropes.vcxproj", "{CC185E75-6ADB-4361-B332-19C8B0EA26EB}"
EndProject
Project("{8BC9CEB8-8B4A-11D0-8D11-00A0C91BC942}") = "Bridge", "Bridge\Bridge.vcxproj", "{BBA3370A-396D-4B0B-97F2-DD9EFF9CD478}"
EndProject
Project("{8BC9CEB8-8B4A-11D0-8D11-00A0C91BC942}") = "Memory", "Memory\Memory.vcxproj", "{84A930C5-9C05-43AD-B3A0-A2CBA6C1FAA7}"
EndProject
Project("{8BC9CEB8-8B4A-11D0-8D11-00A0C91BC942}") = "Colors", "Colors\Colors.vcxproj", "{DDF4919C-3C2B-430B-910A-4760CCECF93C}"
EndProject
Project("{8BC9CEB8-8B4A-11D0-8D11-00A0C91BC942}") = "Lift", "Lift\Lift.vcxproj", "{BDADCE80-9304-43C6-933E-95E362186B6E}"
EndProject
Global
	GlobalSection(SolutionConfigurationPlatforms) = preSolution
		Debug|x64 = Debug|x64
		Debug|x86 = Debug|x86
		Release|x64 = Release|x64
		Release|x86 = Release|x86
	EndGlobalSection
	GlobalSection(ProjectConfigurationPlatforms) = postSolution
		{276F379D-2082-44B3-8721-4B0C380011FF}.Debug|x64.ActiveCfg = Debug|x64
		{276F379D-2082-44B3-8721-4B0C380011FF}.Debug|x64.Build.0 = Debug|x64
		{276F379D-2082-44B3-8721-4B0C380011FF}.Debug|x86.ActiveCfg = Debug|Win32
		{276F379D-2082-44B3-8721-4B0C380011FF}.Debug|x86.Build.0 = Debug|Win32
		{276F379D-2082-44B3-8721-4B0C380011FF}.Release|x64.ActiveCfg = Release|x64
		{276F379D-2082-44B3-8721-4B0C380011FF}.Release|x64.Build.0 = Release|x64
		{276F379D-2082-44B3-8721-4B0C380011FF}.Release|x86.ActiveCfg = Release|Win32
		{276F379D-2082-44B3-8721-4B0C380011FF}.Release|x86.Build.0 = Release|Win32
		{639CC001-C349-4CD8-994D-0DE56860ADE9}.Debug|x64.ActiveCfg = Debug|x64
		{639CC001-C349-4CD8-994D-0DE56860ADE9}.Debug|x64.Build.0 = Debug|x64
		{639CC001-C349-4CD8-994D-0DE56860ADE9}.Debug|x86.ActiveCfg = Debug|Win32
		{639CC001-C349-4CD8-994D-0DE56860ADE9}.Debug|x86.Build.0 = Debug|Win32
		{639CC001-C349-4CD8-994D-0DE56860ADE9}.Release|x64.ActiveCfg = Release|x64
		{639CC001-C349-4CD8-994D-0DE56860ADE9}.Release|x64.Build.0 = Release|x64
		{639CC001-C349-4CD8-994D-0DE56860ADE9}.Release|x86.ActiveCfg = Release|Win32
		{639CC001-C349-4CD8-994D-0DE56860ADE9}.Release|x86.Build.0 = Release|Win32
		{8A178FC3-EFD9-4E22-9795-0E12FF64A079}.Debug|x64.ActiveCfg = Debug|x64
		{8A178FC3-EFD9-4E22-9795-0E12FF64A079}.Debug|x64.Build.0 = Debug|x64
		{8A178FC3-EFD9-4E22-9795-0E12FF64A079}.Debug|x86.ActiveCfg = Debug|Win32
		{8A178FC3-EFD9-4E22-9795-0E12FF64A079}.Debug|x86.Build.0 = Debug|Win32
		{8A178FC3-EFD9-4E22-9795-0E12FF64A079}.Release|x64.ActiveCfg = Release|x64
		{8A178FC3-EFD9-4E22-9795-0E12FF64A079}.Release|x64.Build.0 = Release|x64
		{8A178FC3-EFD9-4E22-9795-0E12FF64A079}.Release|x86.ActiveCfg = Release|Win32
		{8A178FC3-EFD9-4E22-9795-0E12FF64A079}.Release|x86.Build.0 = Release|Win32
		{37FEAD58-25CB-4E7F-80B7-D7245B3CAC7A}.Debug|x64.ActiveCfg = Debug|x64
		{37FEAD58-25CB-4E7F-80B7-D7245B3CAC7A}.Debug|x64.Build.0 = Debug|x64
		{37FEAD58-25CB-4E7F-80B7-D7245B3CAC7A}.Debug|x86.ActiveCfg = Debug|Win32
		{37FEAD58-25CB-4E7F-80B7-D7245B3CAC7A}.Debug|x86.Build.0 = Debug|Win32
		{37FEAD58-25CB-4E7F-80B7-D7245B3CAC7A}.Release|x64.ActiveCfg = Release|x64
		{37FEAD58-25CB-4E7F-80B7-D7245B3CAC7A}.Release|x64.Build.0 = Release|x64
		{37FEAD58-25CB-4E7F-80B7-D7245B3CAC7A}.Release|x86.ActiveCfg = Release|Win32
		{37FEAD58-25CB-4E7F-80B7-D7245B3CAC7A}.Release|x86.Build.0 = Release|Win32
		{BF140CFE-0B31-4AE7-A0EA-406C2E91BAEC}.Debug|x64.ActiveCfg = Debug|x64
		{BF140CFE-0B31-4AE7-A0EA-406C2E91BAEC}.Debug|x64.Build.0 = Debug|x64
		{BF140CFE-0B31-4AE7-A0EA-406C2E91BAEC}.Debug|x86.ActiveCfg = Debug|Win32
		{BF140CFE-0B31-4AE7-A0EA-406C2E91BAEC}.Debug|x86.Build.0 = Debug|Win32
		{BF140CFE-0B31-4AE7-A0EA-406C2E91BAEC}.Release|x64.ActiveCfg = Release|x64
		{BF140CFE-0B31-4AE7-A0EA-406C2E91BAEC}.Release|x64.Build.0 = Release|x64
		{BF140CFE-0B31-4AE7-A0EA-406C2E91BAEC}.Release|x86.ActiveCfg = Release|Win32
		{BF140CFE-0B31-4AE7-A0EA-406C2E91BAEC}.Release|x86.Build.0 = Release|Win32
		{997E8F7A-0A4A-47D5-8CE4-4C6D95B8F56A}.Debug|x64.ActiveCfg = Debug|x64
		{997E8F7A-0A4A-47D5-8CE4-4C6D95B8F56A}.Debug|x64.Build.0 = Debug|x64
		{997E8F7A-0A4A-47D5-8CE4-4C6D95B8F56A}.Debug|x86.ActiveCfg = Debug|Win32
		{997E8F7A-0A4A-47D5-8CE4-4C6D95B8F56A}.Debug|x86.Build.0 = Debug|Win32
		{997E8F7A-0A4A-47D5-8CE4-4C6D95B8F56A}.Release|x64.ActiveCfg = Release|x64
		{997E8F7A-0A4A-47D5-8CE4-4C6D95B8F56A}.Release|x64.Build.0 = Release|x64
		{997E8F7A-0A4A-47D5-8CE4-4C6D95B8F56A}.Release|x86.ActiveCfg = Release|Win32
		{997E8F7A-0A4A-47D5-8CE4-4C6D95B8F56A}.Release|x86.Build.0 = Release|Win32
		{3A627769-1C66-4A07-AB96-894B79E6BF0C}.Debug|x64.ActiveCfg = Debug|x64
		{3A627769-1C66-4A07-AB96-894B79E6BF0C}.Debug|x64.Build.0 = Debug|x64
		{3A627769-1C66-4A07-AB96-894B79E6BF0C}.Debug|x86.ActiveCfg = Debug|Win32
		{3A627769-1C66-4A07-AB96-894B79E6BF0C}.Debug|x86.Build.0 = Debug|Win32
		{3A627769-1C66-4A07-AB96-894B79E6BF0C}.Release|x64.ActiveCfg = Release|x64
		{3A627769-1C66-4A07-AB96-894B79E6BF0C}.Release|x64.Build.0 = Release|x64
		{3A627769-1C66-4A07-AB96-894B79E6BF0C}.Release|x86.ActiveCfg = Release|Win32
		{3A627769-1C66-4A07-AB96-894B79E6BF0C}.Release|x86.Build.0 = Release|Win32
		{574BF96A-0BB5-4D15-BDB9-643D50FBF68A}.Debug|x64.ActiveCfg = Debug|x64
		{574BF96A-0BB5-4D15-BDB9-643D50FBF68A}.Debug|x64.Build.0 = Debug|x64
		{574BF96A-0BB5-4D15-BDB9-643D50FBF68A}.Debug|x86.ActiveCfg = Debug|Win32
		{574BF96A-0BB5-4D15-BDB9-643D50FBF68A}.Debug|x86.Build.0 = Debug|Win32
		{574BF96A-0BB5-4D15-BDB9-643D50FBF68A}.Release|x64.ActiveCfg = Release|x64
		{574BF96A-0BB5-4D15-BDB9-643D50FBF68A}.Release|x64.Build.0 = Release|x64
		{574BF96A-0BB5-4D15-BDB9-643D50FBF68A}.Release|x86.ActiveCfg = Release|Win32
		{574BF96A-0BB5-4D15-BDB9-643D50FBF68A}.Release|x86.Build.0 = Release|Win32
		{8CEAE938-822D-448E-85ED-58EAFEA42973}.Debug|x64.ActiveCfg = Debug|x64
		{8CEAE938-822D-448E-85ED-58EAFEA42973}.Debug|x64.Build.0 = Debug|x64
		{8CEAE938-822D-448E-85ED-58EAFEA42973}.Debug|x86.ActiveCfg = Debug|Win32
		{8CEAE938-822D-448E-85ED-58EAFEA42973}.Debug|x86.Build.0 = Debug|Win32
		{8CEAE938-822D-448E-85ED-58EAFEA42973}.Release|x64.ActiveCfg = Release|x64
		{8CEAE938-822D-448E-85ED-58EAFEA42973}.Release|x64.Build.0 = Release|x64
		{8CEAE938-822D-448E-85ED-58EAFEA42973}.Release|x86.ActiveCfg = Release|Win32
		{8CEAE938-822D-448E-85ED-58EAFEA42973}.Release|x86.Build.0 = Release|Win32
		{E74506CF-BF18-4742-AA03-DD6D19DEFD5F}.Debug|x64.ActiveCfg = Debug|x64
		{E74506CF-BF18-4742-AA03-DD6D19DEFD5F}.Debug|x64.Build.0 = Debug|x64
		{E74506CF-BF18-4742-AA03-DD6D19DEFD5F}.Debug|x86.ActiveCfg = Debug|Win32
		{E74506CF-BF18-4742-AA03-DD6D19DEFD5F}.Debug|x86.Build.0 = Debug|Win32
		{E74506CF-BF18-4742-AA03-DD6D19DEFD5F}.Release|x64.ActiveCfg = Release|x64
		{E74506CF-BF18-4742-AA03-DD6D19DEFD5F}.Release|x64.Build.0 = Release|x64
		{E74506CF-BF18-4742-AA03-DD6D19DEFD5F}.Release|x86.ActiveCfg = Release|Win32
		{E74506CF-BF18-4742-AA03-DD6D19DEFD5F}.Release|x86.Build.0 = Release|Win32
		{CC185E75-6ADB-4361-B332-19C8B0EA26EB}.Debug|x64.ActiveCfg = Debug|x64
		{CC185E75-6ADB-4361-B332-19C8B0EA26EB}.Debug|x64.Build.0 = Debug|x64
		{CC185E75-6ADB-4361-B332-19C8B0EA26EB}.Debug|x86.ActiveCfg = Debug|Win32
		{CC185E75-6ADB-4361-B332-19C8B0EA26EB}.Debug|x86.Build.0 = Debug|Win32
		{CC185E75-6ADB-4361-B332-19C8B0EA26EB}.Release|x64.ActiveCfg = Release|x64
		{CC185E75-6ADB-4361-B332-19C8B0EA26EB}.Release|x64.Build.0 = Release|x64
		{CC185E75-6ADB-4361-B332-19C8B0EA26EB}.Release|x86.ActiveCfg = Release|Win32
		{CC185E75-6ADB-4361-B332-19C8B0EA26EB}.Release|x86.Build.0 = Release|Win32
		{BBA3370A-396D-4B0B-97F2-DD9EFF9CD478}.Debug|x64.ActiveCfg = Debug|x64
		{BBA3370A-396D-4B0B-97F2-DD9EFF9CD478}.Debug|x64.Build.0 = Debug|x64
		{BBA3370A-396D-4B0B-97F2-DD9EFF9CD478}.Debug|x86.ActiveCfg = Debug|Win32
		{BBA3370A-396D-4B0B-97F2-DD9EFF9CD478}.Debug|x86.Build.0 = Debug|Win32
		{BBA3370A-396D-4B0B-97F2-DD9EFF9CD478}.Release|x64.ActiveCfg = Release|x64
		{BBA3370A-396D-4B0B-97F2-DD9EFF9CD478}.Release|x64.Build.0 = Release|x64
		{BBA3370A-396D-4B0B-97F2-DD9EFF9CD478}.Release|x86.ActiveCfg = Release|Win32
		{BBA3370A-396D-4B0B-97F2-DD9EFF9CD478}.Release|x86.Build.0 = Release|Win32
		{84A930C5-9C05-43AD-B3A0-A2CBA6C1FAA7}.Debug|x64.ActiveCfg = Debug|x64
		{84A930C5-9C05-43AD-B3A0-A2CBA6C1FAA7}.Debug|x64.Build.0 = Debug|x64
		{84A930C5-9C05-43AD-B3A0-A2CBA6C1FAA7}.Debug|x86.ActiveCfg = Debug|Win32
		{84A930C5-9C05-43AD-B3A0-A2CBA6C1FAA7}.Debug|x86.Build.0 = Debug|Win32
		{84A930C5-9C05-43AD-B3A0-A2CBA6C1FAA7}.Release|x64.ActiveCfg = Release|x64
		{84A930C5-9C05-43AD-B3A0-A2CBA6C1FAA7}.Release|x64.Build.0 = Release|x64
		{84A930C5-9C05-43AD-B3A0-A2CBA6C1FAA7}.Release|x86.ActiveCfg = Release|Win32
		{84A930C5-9C05-43AD-B3A0-A2CBA6C1FAA7}.Release|x86.Build.0 = Release|Win32
		{DDF4919C-3C2B-430B-910A-4760CCECF93C}.Debug|x64.ActiveCfg = Debug|x64
		{DDF4919C-3C2B-430B-910A-4760CCECF93C}.Debug|x64.Build.0 = Debug|x64
		{DDF4919C-3C2B-430B-910A-4760CCECF93C}.Debug|x86.ActiveCfg = Debug|Win32
		{DDF4919C-3C2B-430B-910A-4760CCECF93C}.Debug|x86.Build.0 = Debug|Win32
		{DDF4919C-3C2B-430B-910A-4760CCECF93C}.Release|x64.ActiveCfg = Release|x64
		{DDF4919C-3C2B-430B-910A-4760CCECF93C}.Release|x64.Build.0 = Release|x64
		{DDF4919C-3C2B-430B-910A-4760CCECF93C}.Release|x86.ActiveCfg = Release|Win32
		{DDF4919C-3C2B-430B-910A-4760CCECF93C}.Release|x86.Build.0 = Release|Win32
		{BDADCE80-9304-43C6-933E-95E362186B6E}.Debug|x64.ActiveCfg = Debug|x64
		{BDADCE80-9304-43C6-933E-95E362186B6E}.Debug|x64.Build.0 = Debug|x64
		{BDADCE80-9304-43C6-933E-95E362186B6E}.Debug|x86.ActiveCfg = Debug|Win32
		{BDADCE80-9304-43C6-933E-95E362186B6E}.Debug|x86.Build.0 = Debug|Win32
		{BDADCE80-9304-43C6-933E-95E362186B6E}.Release|x64.ActiveCfg = Release|x64
		{BDADCE80-9304-43C6-933E-95E362186B6E}.Release|x64.Build.0 = Release|x64
		{BDADCE80-9304-43C6-933E-95E362186B6E}.Release|x86.ActiveCfg = Release|Win32
		{BDADCE80-9304-43C6-933E-95E362186B6E}.Release|x86.Build.0 = Release|Win32
	EndGlobalSection
	GlobalSection(SolutionProperties) = preSolution
		HideSolutionNode = FALSE
	EndGlobalSection
	GlobalSection(ExtensibilityGlobals) = postSolution
		SolutionGuid = {8D83C7E6-E6AE-4BA2-BC98-CC33C34DCCBE}
	EndGlobalSection
EndGlobal
